
Microsoft Visual Studio Solution File, Format Version 12.00
# Visual Studio 15
VisualStudioVersion = 15.0.26124.0
MinimumVisualStudioVersion = 15.0.26124.0
Project("{FAE04EC0-301F-11D3-BF4B-00C04F79EFBC}") = "RabbitMQ.Receive", "RabbitMQ.Receive\RabbitMQ.Receive.csproj", "{BDA67318-3ECF-456E-AADF-ADC6BF51A3DE}"
EndProject
Project("{FAE04EC0-301F-11D3-BF4B-00C04F79EFBC}") = "RabbitMQ.Send", "RabbitMQ.Send\RabbitMQ.Send.csproj", "{588DB48B-950D-485C-BBE1-2837F5A93165}"
EndProject
Global
	GlobalSection(SolutionConfigurationPlatforms) = preSolution
		Debug|Any CPU = Debug|Any CPU
		Debug|x64 = Debug|x64
		Debug|x86 = Debug|x86
		Release|Any CPU = Release|Any CPU
		Release|x64 = Release|x64
		Release|x86 = Release|x86
	EndGlobalSection
	GlobalSection(SolutionProperties) = preSolution
		HideSolutionNode = FALSE
	EndGlobalSection
	GlobalSection(ProjectConfigurationPlatforms) = postSolution
		{BDA67318-3ECF-456E-AADF-ADC6BF51A3DE}.Debug|Any CPU.ActiveCfg = Debug|Any CPU
		{BDA67318-3ECF-456E-AADF-ADC6BF51A3DE}.Debug|Any CPU.Build.0 = Debug|Any CPU
		{BDA67318-3ECF-456E-AADF-ADC6BF51A3DE}.Debug|x64.ActiveCfg = Debug|Any CPU
		{BDA67318-3ECF-456E-AADF-ADC6BF51A3DE}.Debug|x64.Build.0 = Debug|Any CPU
		{BDA67318-3ECF-456E-AADF-ADC6BF51A3DE}.Debug|x86.ActiveCfg = Debug|Any CPU
		{BDA67318-3ECF-456E-AADF-ADC6BF51A3DE}.Debug|x86.Build.0 = Debug|Any CPU
		{BDA67318-3ECF-456E-AADF-ADC6BF51A3DE}.Release|Any CPU.ActiveCfg = Release|Any CPU
		{BDA67318-3ECF-456E-AADF-ADC6BF51A3DE}.Release|Any CPU.Build.0 = Release|Any CPU
		{BDA67318-3ECF-456E-AADF-ADC6BF51A3DE}.Release|x64.ActiveCfg = Release|Any CPU
		{BDA67318-3ECF-456E-AADF-ADC6BF51A3DE}.Release|x64.Build.0 = Release|Any CPU
		{BDA67318-3ECF-456E-AADF-ADC6BF51A3DE}.Release|x86.ActiveCfg = Release|Any CPU
		{BDA67318-3ECF-456E-AADF-ADC6BF51A3DE}.Release|x86.Build.0 = Release|Any CPU
		{588DB48B-950D-485C-BBE1-2837F5A93165}.Debug|Any CPU.ActiveCfg = Debug|Any CPU
		{588DB48B-950D-485C-BBE1-2837F5A93165}.Debug|Any CPU.Build.0 = Debug|Any CPU
		{588DB48B-950D-485C-BBE1-2837F5A93165}.Debug|x64.ActiveCfg = Debug|Any CPU
		{588DB48B-950D-485C-BBE1-2837F5A93165}.Debug|x64.Build.0 = Debug|Any CPU
		{588DB48B-950D-485C-BBE1-2837F5A93165}.Debug|x86.ActiveCfg = Debug|Any CPU
		{588DB48B-950D-485C-BBE1-2837F5A93165}.Debug|x86.Build.0 = Debug|Any CPU
		{588DB48B-950D-485C-BBE1-2837F5A93165}.Release|Any CPU.ActiveCfg = Release|Any CPU
		{588DB48B-950D-485C-BBE1-2837F5A93165}.Release|Any CPU.Build.0 = Release|Any CPU
		{588DB48B-950D-485C-BBE1-2837F5A93165}.Release|x64.ActiveCfg = Release|Any CPU
		{588DB48B-950D-485C-BBE1-2837F5A93165}.Release|x64.Build.0 = Release|Any CPU
		{588DB48B-950D-485C-BBE1-2837F5A93165}.Release|x86.ActiveCfg = Release|Any CPU
		{588DB48B-950D-485C-BBE1-2837F5A93165}.Release|x86.Build.0 = Release|Any CPU
	EndGlobalSection
EndGlobal
